
Microsoft Visual Studio Solution File, Format Version 12.00
# Visual Studio Version 16
VisualStudioVersion = 16.0.33130.400
MinimumVisualStudioVersion = 10.0.40219.1
Project("{9A19103F-16F7-4668-BE54-9A1E7A4F7556}") = "AssaultMage", "AssaultMage.csproj", "{EAFB98C2-BEE8-4191-9B4E-04575C35A8A7}"
EndProject
Global
	GlobalSection(SolutionConfigurationPlatforms) = preSolution
		Debug|Any CPU = Debug|Any CPU
		Release|Any CPU = Release|Any CPU
	EndGlobalSection
	GlobalSection(ProjectConfigurationPlatforms) = postSolution
		{EAFB98C2-BEE8-4191-9B4E-04575C35A8A7}.Debug|Any CPU.ActiveCfg = Debug|Any CPU
		{EAFB98C2-BEE8-4191-9B4E-04575C35A8A7}.Debug|Any CPU.Build.0 = Debug|Any CPU
		{EAFB98C2-BEE8-4191-9B4E-04575C35A8A7}.Release|Any CPU.ActiveCfg = Release|Any CPU
		{EAFB98C2-BEE8-4191-9B4E-04575C35A8A7}.Release|Any CPU.Build.0 = Release|Any CPU
	EndGlobalSection
	GlobalSection(SolutionProperties) = preSolution
		HideSolutionNode = FALSE
	EndGlobalSection
	GlobalSection(ExtensibilityGlobals) = postSolution
		SolutionGuid = {ACD8387D-FA26-4B51-9A33-3E13287BF84B}
	EndGlobalSection
EndGlobal
